
Microsoft Visual Studio Solution File, Format Version 12.00
# Visual Studio Version 16
VisualStudioVersion = 16.0.30225.117
MinimumVisualStudioVersion = 10.0.40219.1
Project("{FAE04EC0-301F-11D3-BF4B-00C04F79EFBC}") = "DynWallpaper", "DynWallpaper\DynWallpaper.csproj", "{DBFD8840-3C51-4421-9B1E-12B293461759}"
EndProject
Project("{2150E333-8FDC-42A3-9474-1A3956D46DE8}") = "Solution Items", "Solution Items", "{0D77AE73-8090-4CC0-9135-49BB4A2F4FB5}"
	ProjectSection(SolutionItems) = preProject
		.editorconfig = .editorconfig
		.gitattributes = .gitattributes
		.gitignore = .gitignore
		LICENSE.md = LICENSE.md
		README.md = README.md
	EndProjectSection
EndProject
Global
	GlobalSection(SolutionConfigurationPlatforms) = preSolution
		Debug|Any CPU = Debug|Any CPU
		Release|Any CPU = Release|Any CPU
	EndGlobalSection
	GlobalSection(ProjectConfigurationPlatforms) = postSolution
		{DBFD8840-3C51-4421-9B1E-12B293461759}.Debug|Any CPU.ActiveCfg = Debug|Any CPU
		{DBFD8840-3C51-4421-9B1E-12B293461759}.Debug|Any CPU.Build.0 = Debug|Any CPU
		{DBFD8840-3C51-4421-9B1E-12B293461759}.Release|Any CPU.ActiveCfg = Release|Any CPU
		{DBFD8840-3C51-4421-9B1E-12B293461759}.Release|Any CPU.Build.0 = Release|Any CPU
	EndGlobalSection
	GlobalSection(SolutionProperties) = preSolution
		HideSolutionNode = FALSE
	EndGlobalSection
	GlobalSection(ExtensibilityGlobals) = postSolution
		SolutionGuid = {AF5BCBFF-3EF1-442E-AF06-C09D39937E9B}
	EndGlobalSection
EndGlobal
